// !$*UTF8*$!
{
	archiveVersion = 1;
	classes = {
	};
	objectVersion = 46;
	objects = {

/* Begin PBXBuildFile section */
		0705CA761F1C700300BEF34B /* CoreDataKeys.swift in Sources */ = {isa = PBXBuildFile; fileRef = 0705CA751F1C700300BEF34B /* CoreDataKeys.swift */; };
		070F839B1F33F66100D97583 /* ScannedDeviceCell.swift in Sources */ = {isa = PBXBuildFile; fileRef = 070F839A1F33F66100D97583 /* ScannedDeviceCell.swift */; };
		0715BDA61EDF696200035E9D /* MainViewController.swift in Sources */ = {isa = PBXBuildFile; fileRef = 0715BDA51EDF696200035E9D /* MainViewController.swift */; };
		0718C73C1F212E6900C4FB39 /* ShootingConfigViewController.swift in Sources */ = {isa = PBXBuildFile; fileRef = 0718C73B1F212E6800C4FB39 /* ShootingConfigViewController.swift */; };
		0718C73E1F21664F00C4FB39 /* PickerView.swift in Sources */ = {isa = PBXBuildFile; fileRef = 0718C73D1F21664F00C4FB39 /* PickerView.swift */; };
		071B01E71ED7788300A117E7 /* RoundAxisButton.swift in Sources */ = {isa = PBXBuildFile; fileRef = 071B01E61ED7788300A117E7 /* RoundAxisButton.swift */; };
		0720B71F1F1429F500F9A4E0 /* CheckboxButton.swift in Sources */ = {isa = PBXBuildFile; fileRef = 0720B71E1F1429F500F9A4E0 /* CheckboxButton.swift */; };
		0720B7211F143F2E00F9A4E0 /* GPTextField.swift in Sources */ = {isa = PBXBuildFile; fileRef = 0720B7201F143F2E00F9A4E0 /* GPTextField.swift */; };
		0732BCEA1F06EE8A006A91DF /* PanoManager.swift in Sources */ = {isa = PBXBuildFile; fileRef = 0732BCE91F06EE8A006A91DF /* PanoManager.swift */; };
		07369DC91ED7406400DF29E3 /* AppDelegate.swift in Sources */ = {isa = PBXBuildFile; fileRef = 07369DC81ED7406400DF29E3 /* AppDelegate.swift */; };
		07369DCB1ED7406400DF29E3 /* CameraPanViewController.swift in Sources */ = {isa = PBXBuildFile; fileRef = 07369DCA1ED7406400DF29E3 /* CameraPanViewController.swift */; };
		07369DCE1ED7406400DF29E3 /* Main.storyboard in Resources */ = {isa = PBXBuildFile; fileRef = 07369DCC1ED7406400DF29E3 /* Main.storyboard */; };
		07369DD01ED7406400DF29E3 /* Assets.xcassets in Resources */ = {isa = PBXBuildFile; fileRef = 07369DCF1ED7406400DF29E3 /* Assets.xcassets */; };
		07369DD31ED7406400DF29E3 /* LaunchScreen.storyboard in Resources */ = {isa = PBXBuildFile; fileRef = 07369DD11ED7406400DF29E3 /* LaunchScreen.storyboard */; };
		07369DDE1ED7406500DF29E3 /* GPControllerTests.swift in Sources */ = {isa = PBXBuildFile; fileRef = 07369DDD1ED7406500DF29E3 /* GPControllerTests.swift */; };
		07369DE91ED7406500DF29E3 /* GPControllerUITests.swift in Sources */ = {isa = PBXBuildFile; fileRef = 07369DE81ED7406500DF29E3 /* GPControllerUITests.swift */; };
		073D62871ED77F1500D28EBA /* PulseLayer.swift in Sources */ = {isa = PBXBuildFile; fileRef = 073D62861ED77F1500D28EBA /* PulseLayer.swift */; };
		073E3F8E1F1AAF8500F3B208 /* PanoConfigEditor.swift in Sources */ = {isa = PBXBuildFile; fileRef = 073E3F8D1F1AAF8500F3B208 /* PanoConfigEditor.swift */; };
		0754B1561F0EB14D0009A557 /* CameraSetupViewController.swift in Sources */ = {isa = PBXBuildFile; fileRef = 0754B1551F0EB14D0009A557 /* CameraSetupViewController.swift */; };
		0755449F1F0D856A00A53FB6 /* PanoramaSetupViewController.swift in Sources */ = {isa = PBXBuildFile; fileRef = 0755449E1F0D856A00A53FB6 /* PanoramaSetupViewController.swift */; };
		075D07BC1EE0CC8000592BBA /* GPBluetoothManager.swift in Sources */ = {isa = PBXBuildFile; fileRef = 075D07BB1EE0CC8000592BBA /* GPBluetoothManager.swift */; };
		075D07BF1EE0CF2700592BBA /* ServiceIdentifiers.swift in Sources */ = {isa = PBXBuildFile; fileRef = 075D07BE1EE0CF2700592BBA /* ServiceIdentifiers.swift */; };
		0771831F1EF0924A008AF478 /* Extensions.swift in Sources */ = {isa = PBXBuildFile; fileRef = 0771831E1EF0924A008AF478 /* Extensions.swift */; };
		07840A021EE9CCB7008A0973 /* GPDeviceScanner.swift in Sources */ = {isa = PBXBuildFile; fileRef = 07840A011EE9CCB7008A0973 /* GPDeviceScanner.swift */; };
		07840A051EE9EB43008A0973 /* GPNavigationController.swift in Sources */ = {isa = PBXBuildFile; fileRef = 07840A041EE9EB43008A0973 /* GPNavigationController.swift */; };
		078506CC1F04601800297F4F /* CoreData.framework in Frameworks */ = {isa = PBXBuildFile; fileRef = 078506CB1F04601800297F4F /* CoreData.framework */; };
		078506CF1F04609900297F4F /* GPCoreData.xcdatamodeld in Sources */ = {isa = PBXBuildFile; fileRef = 078506CD1F04609900297F4F /* GPCoreData.xcdatamodeld */; };
		078506D11F04652C00297F4F /* CommandStrings.swift in Sources */ = {isa = PBXBuildFile; fileRef = 078506D01F04652C00297F4F /* CommandStrings.swift */; };
		0792BF591F27C47E009197D1 /* PanoGrid.swift in Sources */ = {isa = PBXBuildFile; fileRef = 0792BF581F27C47E009197D1 /* PanoGrid.swift */; };
		079B9EF21F26BFF7003AF2B0 /* FlexiLabel.swift in Sources */ = {isa = PBXBuildFile; fileRef = 079B9EF11F26BFF7003AF2B0 /* FlexiLabel.swift */; };
		079DDF3A1EE1C8910010CB9F /* NORData.swift in Sources */ = {isa = PBXBuildFile; fileRef = 079DDF391EE1C8910010CB9F /* NORData.swift */; };
		07A16B7E1F1944DE00CB5E9C /* ConfigurationConstants.swift in Sources */ = {isa = PBXBuildFile; fileRef = 07A16B7D1F1944DE00CB5E9C /* ConfigurationConstants.swift */; };
		07AD73221F16CBE200D909DA /* Utils.swift in Sources */ = {isa = PBXBuildFile; fileRef = 07AD73211F16CBE200D909DA /* Utils.swift */; };
		07AD73241F16CCFE00D909DA /* PanoFormViewController.swift in Sources */ = {isa = PBXBuildFile; fileRef = 07AD73231F16CCFE00D909DA /* PanoFormViewController.swift */; };
		07AE3C851F2691D100A46FE0 /* SetReferenceViewController.swift in Sources */ = {isa = PBXBuildFile; fileRef = 07AE3C841F2691D100A46FE0 /* SetReferenceViewController.swift */; };
		07B01EC71F2B962100B15911 /* PanoSessionViewController.swift in Sources */ = {isa = PBXBuildFile; fileRef = 07B01EC61F2B962100B15911 /* PanoSessionViewController.swift */; };
		07B01EC91F2B987400B15911 /* KDCircularProgress.swift in Sources */ = {isa = PBXBuildFile; fileRef = 07B01EC81F2B987400B15911 /* KDCircularProgress.swift */; };
		07B01F641F2C00BA00B15911 /* fox_fanfare.mp3 in Resources */ = {isa = PBXBuildFile; fileRef = 07B01F631F2C00BA00B15911 /* fox_fanfare.mp3 */; };
		07B01F671F2C01B800B15911 /* AVFoundation.framework in Frameworks */ = {isa = PBXBuildFile; fileRef = 07B01F661F2C01B800B15911 /* AVFoundation.framework */; };
		07B2F9361F2A9BB000EDC354 /* GPEnums.swift in Sources */ = {isa = PBXBuildFile; fileRef = 07B2F9351F2A9BB000EDC354 /* GPEnums.swift */; };
		07B4579F1EE8A7E200ABF165 /* FlexiButton.swift in Sources */ = {isa = PBXBuildFile; fileRef = 07B4579E1EE8A7E200ABF165 /* FlexiButton.swift */; };
		07B457A71EE8B0DE00ABF165 /* Pods_GPController.framework in Embed Frameworks */ = {isa = PBXBuildFile; fileRef = 998E02544BD13A6886145A48 /* Pods_GPController.framework */; settings = {ATTRIBUTES = (CodeSignOnCopy, RemoveHeadersOnCopy, ); }; };
		07B457A91EE8CD4300ABF165 /* CustomColors.swift in Sources */ = {isa = PBXBuildFile; fileRef = 07B457A81EE8CD4300ABF165 /* CustomColors.swift */; };
		07B962551F0FF18A008B7F9E /* GPPanoSelectionCell.swift in Sources */ = {isa = PBXBuildFile; fileRef = 07B962541F0FF18A008B7F9E /* GPPanoSelectionCell.swift */; };
		07B962581F0FFA11008B7F9E /* FadingTableView.swift in Sources */ = {isa = PBXBuildFile; fileRef = 07B962571F0FFA11008B7F9E /* FadingTableView.swift */; };
		07B9625A1F10328A008B7F9E /* GMStepper.swift in Sources */ = {isa = PBXBuildFile; fileRef = 07B962591F10328A008B7F9E /* GMStepper.swift */; };
		07D8111D1F1D97BA0051C31A /* SingleValueEditViewController.swift in Sources */ = {isa = PBXBuildFile; fileRef = 07D8111C1F1D97BA0051C31A /* SingleValueEditViewController.swift */; };
		07D8111F1F1E6ED30051C31A /* CameraFormViewController.swift in Sources */ = {isa = PBXBuildFile; fileRef = 07D8111E1F1E6ED30051C31A /* CameraFormViewController.swift */; };
		07D811211F1E83240051C31A /* GPCamSelectionCell.swift in Sources */ = {isa = PBXBuildFile; fileRef = 07D811201F1E83240051C31A /* GPCamSelectionCell.swift */; };
		07D811231F1E87570051C31A /* CameraConfigEditor.swift in Sources */ = {isa = PBXBuildFile; fileRef = 07D811221F1E87570051C31A /* CameraConfigEditor.swift */; };
		07EDEF3E1EEF2054008A9D24 /* ScanDevicesViewController.swift in Sources */ = {isa = PBXBuildFile; fileRef = 07EDEF3D1EEF2054008A9D24 /* ScanDevicesViewController.swift */; };
		082CF81EF3424C922F91EDA0 /* Pods_GPControllerTests.framework in Frameworks */ = {isa = PBXBuildFile; fileRef = 72315DC1439A7A44ADB53F11 /* Pods_GPControllerTests.framework */; };
		1D79592495035270EA9006EA /* Pods_GPController.framework in Frameworks */ = {isa = PBXBuildFile; fileRef = 998E02544BD13A6886145A48 /* Pods_GPController.framework */; };
		6078F990CFED35DE83083BF3 /* Pods_GPControllerUITests.framework in Frameworks */ = {isa = PBXBuildFile; fileRef = 63F6417865844089B5334F3F /* Pods_GPControllerUITests.framework */; };
/* End PBXBuildFile section */

/* Begin PBXContainerItemProxy section */
		07369DDA1ED7406500DF29E3 /* PBXContainerItemProxy */ = {
			isa = PBXContainerItemProxy;
			containerPortal = 07369DBD1ED7406400DF29E3 /* Project object */;
			proxyType = 1;
			remoteGlobalIDString = 07369DC41ED7406400DF29E3;
			remoteInfo = GPController;
		};
		07369DE51ED7406500DF29E3 /* PBXContainerItemProxy */ = {
			isa = PBXContainerItemProxy;
			containerPortal = 07369DBD1ED7406400DF29E3 /* Project object */;
			proxyType = 1;
			remoteGlobalIDString = 07369DC41ED7406400DF29E3;
			remoteInfo = GPController;
		};
/* End PBXContainerItemProxy section */

/* Begin PBXCopyFilesBuildPhase section */
		07B457A51EE8B0CC00ABF165 /* Embed Frameworks */ = {
			isa = PBXCopyFilesBuildPhase;
			buildActionMask = 2147483647;
			dstPath = "";
			dstSubfolderSpec = 10;
			files = (
				07B457A71EE8B0DE00ABF165 /* Pods_GPController.framework in Embed Frameworks */,
			);
			name = "Embed Frameworks";
			runOnlyForDeploymentPostprocessing = 0;
		};
/* End PBXCopyFilesBuildPhase section */

/* Begin PBXFileReference section */
		0705CA751F1C700300BEF34B /* CoreDataKeys.swift */ = {isa = PBXFileReference; fileEncoding = 4; lastKnownFileType = sourcecode.swift; path = CoreDataKeys.swift; sourceTree = "<group>"; };
		070F839A1F33F66100D97583 /* ScannedDeviceCell.swift */ = {isa = PBXFileReference; fileEncoding = 4; lastKnownFileType = sourcecode.swift; path = ScannedDeviceCell.swift; sourceTree = "<group>"; };
		0715BDA51EDF696200035E9D /* MainViewController.swift */ = {isa = PBXFileReference; fileEncoding = 4; lastKnownFileType = sourcecode.swift; path = MainViewController.swift; sourceTree = "<group>"; };
		0718C73B1F212E6800C4FB39 /* ShootingConfigViewController.swift */ = {isa = PBXFileReference; fileEncoding = 4; lastKnownFileType = sourcecode.swift; path = ShootingConfigViewController.swift; sourceTree = "<group>"; };
		0718C73D1F21664F00C4FB39 /* PickerView.swift */ = {isa = PBXFileReference; fileEncoding = 4; lastKnownFileType = sourcecode.swift; path = PickerView.swift; sourceTree = "<group>"; };
		071B01E61ED7788300A117E7 /* RoundAxisButton.swift */ = {isa = PBXFileReference; fileEncoding = 4; lastKnownFileType = sourcecode.swift; path = RoundAxisButton.swift; sourceTree = "<group>"; };
		0720B71E1F1429F500F9A4E0 /* CheckboxButton.swift */ = {isa = PBXFileReference; fileEncoding = 4; lastKnownFileType = sourcecode.swift; path = CheckboxButton.swift; sourceTree = "<group>"; };
		0720B7201F143F2E00F9A4E0 /* GPTextField.swift */ = {isa = PBXFileReference; fileEncoding = 4; lastKnownFileType = sourcecode.swift; path = GPTextField.swift; sourceTree = "<group>"; };
		0732BCE91F06EE8A006A91DF /* PanoManager.swift */ = {isa = PBXFileReference; fileEncoding = 4; lastKnownFileType = sourcecode.swift; path = PanoManager.swift; sourceTree = "<group>"; };
		07369DC51ED7406400DF29E3 /* GPController.app */ = {isa = PBXFileReference; explicitFileType = wrapper.application; includeInIndex = 0; path = GPController.app; sourceTree = BUILT_PRODUCTS_DIR; };
		07369DC81ED7406400DF29E3 /* AppDelegate.swift */ = {isa = PBXFileReference; lastKnownFileType = sourcecode.swift; path = AppDelegate.swift; sourceTree = "<group>"; };
		07369DCA1ED7406400DF29E3 /* CameraPanViewController.swift */ = {isa = PBXFileReference; lastKnownFileType = sourcecode.swift; path = CameraPanViewController.swift; sourceTree = "<group>"; };
		07369DCD1ED7406400DF29E3 /* Base */ = {isa = PBXFileReference; lastKnownFileType = file.storyboard; name = Base; path = Base.lproj/Main.storyboard; sourceTree = "<group>"; };
		07369DCF1ED7406400DF29E3 /* Assets.xcassets */ = {isa = PBXFileReference; lastKnownFileType = folder.assetcatalog; path = Assets.xcassets; sourceTree = "<group>"; };
		07369DD21ED7406400DF29E3 /* Base */ = {isa = PBXFileReference; lastKnownFileType = file.storyboard; name = Base; path = Base.lproj/LaunchScreen.storyboard; sourceTree = "<group>"; };
		07369DD41ED7406500DF29E3 /* Info.plist */ = {isa = PBXFileReference; lastKnownFileType = text.plist.xml; path = Info.plist; sourceTree = "<group>"; };
		07369DD91ED7406500DF29E3 /* GPControllerTests.xctest */ = {isa = PBXFileReference; explicitFileType = wrapper.cfbundle; includeInIndex = 0; path = GPControllerTests.xctest; sourceTree = BUILT_PRODUCTS_DIR; };
		07369DDD1ED7406500DF29E3 /* GPControllerTests.swift */ = {isa = PBXFileReference; lastKnownFileType = sourcecode.swift; path = GPControllerTests.swift; sourceTree = "<group>"; };
		07369DDF1ED7406500DF29E3 /* Info.plist */ = {isa = PBXFileReference; lastKnownFileType = text.plist.xml; path = Info.plist; sourceTree = "<group>"; };
		07369DE41ED7406500DF29E3 /* GPControllerUITests.xctest */ = {isa = PBXFileReference; explicitFileType = wrapper.cfbundle; includeInIndex = 0; path = GPControllerUITests.xctest; sourceTree = BUILT_PRODUCTS_DIR; };
		07369DE81ED7406500DF29E3 /* GPControllerUITests.swift */ = {isa = PBXFileReference; lastKnownFileType = sourcecode.swift; path = GPControllerUITests.swift; sourceTree = "<group>"; };
		07369DEA1ED7406500DF29E3 /* Info.plist */ = {isa = PBXFileReference; lastKnownFileType = text.plist.xml; path = Info.plist; sourceTree = "<group>"; };
		073D62861ED77F1500D28EBA /* PulseLayer.swift */ = {isa = PBXFileReference; fileEncoding = 4; lastKnownFileType = sourcecode.swift; path = PulseLayer.swift; sourceTree = "<group>"; };
		073E3F8D1F1AAF8500F3B208 /* PanoConfigEditor.swift */ = {isa = PBXFileReference; fileEncoding = 4; lastKnownFileType = sourcecode.swift; path = PanoConfigEditor.swift; sourceTree = "<group>"; };
		0754B1551F0EB14D0009A557 /* CameraSetupViewController.swift */ = {isa = PBXFileReference; fileEncoding = 4; lastKnownFileType = sourcecode.swift; path = CameraSetupViewController.swift; sourceTree = "<group>"; };
		0755449E1F0D856A00A53FB6 /* PanoramaSetupViewController.swift */ = {isa = PBXFileReference; fileEncoding = 4; lastKnownFileType = sourcecode.swift; path = PanoramaSetupViewController.swift; sourceTree = "<group>"; };
		075D07BB1EE0CC8000592BBA /* GPBluetoothManager.swift */ = {isa = PBXFileReference; fileEncoding = 4; lastKnownFileType = sourcecode.swift; path = GPBluetoothManager.swift; sourceTree = "<group>"; };
		075D07BE1EE0CF2700592BBA /* ServiceIdentifiers.swift */ = {isa = PBXFileReference; fileEncoding = 4; lastKnownFileType = sourcecode.swift; path = ServiceIdentifiers.swift; sourceTree = "<group>"; };
		0771831E1EF0924A008AF478 /* Extensions.swift */ = {isa = PBXFileReference; fileEncoding = 4; lastKnownFileType = sourcecode.swift; path = Extensions.swift; sourceTree = "<group>"; };
		07840A011EE9CCB7008A0973 /* GPDeviceScanner.swift */ = {isa = PBXFileReference; fileEncoding = 4; lastKnownFileType = sourcecode.swift; path = GPDeviceScanner.swift; sourceTree = "<group>"; };
		07840A041EE9EB43008A0973 /* GPNavigationController.swift */ = {isa = PBXFileReference; fileEncoding = 4; lastKnownFileType = sourcecode.swift; path = GPNavigationController.swift; sourceTree = "<group>"; };
		078506CB1F04601800297F4F /* CoreData.framework */ = {isa = PBXFileReference; lastKnownFileType = wrapper.framework; name = CoreData.framework; path = System/Library/Frameworks/CoreData.framework; sourceTree = SDKROOT; };
		078506CE1F04609900297F4F /* GPCoreData.xcdatamodel */ = {isa = PBXFileReference; lastKnownFileType = wrapper.xcdatamodel; path = GPCoreData.xcdatamodel; sourceTree = "<group>"; };
		078506D01F04652C00297F4F /* CommandStrings.swift */ = {isa = PBXFileReference; fileEncoding = 4; lastKnownFileType = sourcecode.swift; path = CommandStrings.swift; sourceTree = "<group>"; };
		0792BF581F27C47E009197D1 /* PanoGrid.swift */ = {isa = PBXFileReference; fileEncoding = 4; lastKnownFileType = sourcecode.swift; path = PanoGrid.swift; sourceTree = "<group>"; };
		079B9EF11F26BFF7003AF2B0 /* FlexiLabel.swift */ = {isa = PBXFileReference; fileEncoding = 4; lastKnownFileType = sourcecode.swift; path = FlexiLabel.swift; sourceTree = "<group>"; };
		079DDF391EE1C8910010CB9F /* NORData.swift */ = {isa = PBXFileReference; fileEncoding = 4; lastKnownFileType = sourcecode.swift; path = NORData.swift; sourceTree = "<group>"; };
		07A16B7D1F1944DE00CB5E9C /* ConfigurationConstants.swift */ = {isa = PBXFileReference; fileEncoding = 4; lastKnownFileType = sourcecode.swift; path = ConfigurationConstants.swift; sourceTree = "<group>"; };
		07AD73211F16CBE200D909DA /* Utils.swift */ = {isa = PBXFileReference; fileEncoding = 4; lastKnownFileType = sourcecode.swift; path = Utils.swift; sourceTree = "<group>"; };
		07AD73231F16CCFE00D909DA /* PanoFormViewController.swift */ = {isa = PBXFileReference; fileEncoding = 4; lastKnownFileType = sourcecode.swift; path = PanoFormViewController.swift; sourceTree = "<group>"; };
		07AE3C841F2691D100A46FE0 /* SetReferenceViewController.swift */ = {isa = PBXFileReference; fileEncoding = 4; lastKnownFileType = sourcecode.swift; path = SetReferenceViewController.swift; sourceTree = "<group>"; };
		07B01EC61F2B962100B15911 /* PanoSessionViewController.swift */ = {isa = PBXFileReference; fileEncoding = 4; lastKnownFileType = sourcecode.swift; path = PanoSessionViewController.swift; sourceTree = "<group>"; };
		07B01EC81F2B987400B15911 /* KDCircularProgress.swift */ = {isa = PBXFileReference; fileEncoding = 4; lastKnownFileType = sourcecode.swift; path = KDCircularProgress.swift; sourceTree = "<group>"; };
		07B01F631F2C00BA00B15911 /* fox_fanfare.mp3 */ = {isa = PBXFileReference; lastKnownFileType = audio.mp3; path = fox_fanfare.mp3; sourceTree = "<group>"; };
		07B01F661F2C01B800B15911 /* AVFoundation.framework */ = {isa = PBXFileReference; lastKnownFileType = wrapper.framework; name = AVFoundation.framework; path = System/Library/Frameworks/AVFoundation.framework; sourceTree = SDKROOT; };
		07B2F9351F2A9BB000EDC354 /* GPEnums.swift */ = {isa = PBXFileReference; fileEncoding = 4; lastKnownFileType = sourcecode.swift; path = GPEnums.swift; sourceTree = "<group>"; };
		07B4579E1EE8A7E200ABF165 /* FlexiButton.swift */ = {isa = PBXFileReference; fileEncoding = 4; lastKnownFileType = sourcecode.swift; path = FlexiButton.swift; sourceTree = "<group>"; };
		07B457A81EE8CD4300ABF165 /* CustomColors.swift */ = {isa = PBXFileReference; fileEncoding = 4; lastKnownFileType = sourcecode.swift; path = CustomColors.swift; sourceTree = "<group>"; };
		07B962541F0FF18A008B7F9E /* GPPanoSelectionCell.swift */ = {isa = PBXFileReference; fileEncoding = 4; lastKnownFileType = sourcecode.swift; path = GPPanoSelectionCell.swift; sourceTree = "<group>"; };
		07B962571F0FFA11008B7F9E /* FadingTableView.swift */ = {isa = PBXFileReference; fileEncoding = 4; lastKnownFileType = sourcecode.swift; path = FadingTableView.swift; sourceTree = "<group>"; };
		07B962591F10328A008B7F9E /* GMStepper.swift */ = {isa = PBXFileReference; fileEncoding = 4; lastKnownFileType = sourcecode.swift; path = GMStepper.swift; sourceTree = "<group>"; };
		07D8111C1F1D97BA0051C31A /* SingleValueEditViewController.swift */ = {isa = PBXFileReference; fileEncoding = 4; lastKnownFileType = sourcecode.swift; path = SingleValueEditViewController.swift; sourceTree = "<group>"; };
		07D8111E1F1E6ED30051C31A /* CameraFormViewController.swift */ = {isa = PBXFileReference; fileEncoding = 4; lastKnownFileType = sourcecode.swift; path = CameraFormViewController.swift; sourceTree = "<group>"; };
		07D811201F1E83240051C31A /* GPCamSelectionCell.swift */ = {isa = PBXFileReference; fileEncoding = 4; lastKnownFileType = sourcecode.swift; path = GPCamSelectionCell.swift; sourceTree = "<group>"; };
		07D811221F1E87570051C31A /* CameraConfigEditor.swift */ = {isa = PBXFileReference; fileEncoding = 4; lastKnownFileType = sourcecode.swift; path = CameraConfigEditor.swift; sourceTree = "<group>"; };
		07EDEF3D1EEF2054008A9D24 /* ScanDevicesViewController.swift */ = {isa = PBXFileReference; fileEncoding = 4; lastKnownFileType = sourcecode.swift; path = ScanDevicesViewController.swift; sourceTree = "<group>"; };
		1D2DD39D41C28B9BC5A486F2 /* Pods-GPControllerUITests.release.xcconfig */ = {isa = PBXFileReference; includeInIndex = 1; lastKnownFileType = text.xcconfig; name = "Pods-GPControllerUITests.release.xcconfig"; path = "Pods/Target Support Files/Pods-GPControllerUITests/Pods-GPControllerUITests.release.xcconfig"; sourceTree = "<group>"; };
		4230C574549DF2A09B2964EF /* Pods-GPControllerUITests.debug.xcconfig */ = {isa = PBXFileReference; includeInIndex = 1; lastKnownFileType = text.xcconfig; name = "Pods-GPControllerUITests.debug.xcconfig"; path = "Pods/Target Support Files/Pods-GPControllerUITests/Pods-GPControllerUITests.debug.xcconfig"; sourceTree = "<group>"; };
		481D975AE6CCCFFF7C76E3CB /* Pods-GPController.release.xcconfig */ = {isa = PBXFileReference; includeInIndex = 1; lastKnownFileType = text.xcconfig; name = "Pods-GPController.release.xcconfig"; path = "Pods/Target Support Files/Pods-GPController/Pods-GPController.release.xcconfig"; sourceTree = "<group>"; };
		63F6417865844089B5334F3F /* Pods_GPControllerUITests.framework */ = {isa = PBXFileReference; explicitFileType = wrapper.framework; includeInIndex = 0; path = Pods_GPControllerUITests.framework; sourceTree = BUILT_PRODUCTS_DIR; };
		72315DC1439A7A44ADB53F11 /* Pods_GPControllerTests.framework */ = {isa = PBXFileReference; explicitFileType = wrapper.framework; includeInIndex = 0; path = Pods_GPControllerTests.framework; sourceTree = BUILT_PRODUCTS_DIR; };
		998E02544BD13A6886145A48 /* Pods_GPController.framework */ = {isa = PBXFileReference; explicitFileType = wrapper.framework; includeInIndex = 0; path = Pods_GPController.framework; sourceTree = BUILT_PRODUCTS_DIR; };
		B00DC0498559FD3926887349 /* Pods-GPControllerTests.release.xcconfig */ = {isa = PBXFileReference; includeInIndex = 1; lastKnownFileType = text.xcconfig; name = "Pods-GPControllerTests.release.xcconfig"; path = "Pods/Target Support Files/Pods-GPControllerTests/Pods-GPControllerTests.release.xcconfig"; sourceTree = "<group>"; };
		B7E053421855F5EE5C9D051E /* Pods-GPControllerTests.debug.xcconfig */ = {isa = PBXFileReference; includeInIndex = 1; lastKnownFileType = text.xcconfig; name = "Pods-GPControllerTests.debug.xcconfig"; path = "Pods/Target Support Files/Pods-GPControllerTests/Pods-GPControllerTests.debug.xcconfig"; sourceTree = "<group>"; };
		EDC53D76C3208F25E7C3BDA1 /* Pods-GPController.debug.xcconfig */ = {isa = PBXFileReference; includeInIndex = 1; lastKnownFileType = text.xcconfig; name = "Pods-GPController.debug.xcconfig"; path = "Pods/Target Support Files/Pods-GPController/Pods-GPController.debug.xcconfig"; sourceTree = "<group>"; };
/* End PBXFileReference section */

/* Begin PBXFrameworksBuildPhase section */
		07369DC21ED7406400DF29E3 /* Frameworks */ = {
			isa = PBXFrameworksBuildPhase;
			buildActionMask = 2147483647;
			files = (
				07B01F671F2C01B800B15911 /* AVFoundation.framework in Frameworks */,
				078506CC1F04601800297F4F /* CoreData.framework in Frameworks */,
				1D79592495035270EA9006EA /* Pods_GPController.framework in Frameworks */,
			);
			runOnlyForDeploymentPostprocessing = 0;
		};
		07369DD61ED7406500DF29E3 /* Frameworks */ = {
			isa = PBXFrameworksBuildPhase;
			buildActionMask = 2147483647;
			files = (
				082CF81EF3424C922F91EDA0 /* Pods_GPControllerTests.framework in Frameworks */,
			);
			runOnlyForDeploymentPostprocessing = 0;
		};
		07369DE11ED7406500DF29E3 /* Frameworks */ = {
			isa = PBXFrameworksBuildPhase;
			buildActionMask = 2147483647;
			files = (
				6078F990CFED35DE83083BF3 /* Pods_GPControllerUITests.framework in Frameworks */,
			);
			runOnlyForDeploymentPostprocessing = 0;
		};
/* End PBXFrameworksBuildPhase section */

/* Begin PBXGroup section */
		07369DBC1ED7406400DF29E3 = {
			isa = PBXGroup;
			children = (
				07369DC71ED7406400DF29E3 /* GPController */,
				07369DDC1ED7406500DF29E3 /* GPControllerTests */,
				07369DE71ED7406500DF29E3 /* GPControllerUITests */,
				07369DC61ED7406400DF29E3 /* Products */,
				4A55D4B9EAB1F8631B576C9D /* Pods */,
				ABE058BA3F7156E409D1F446 /* Frameworks */,
			);
			sourceTree = "<group>";
		};
		07369DC61ED7406400DF29E3 /* Products */ = {
			isa = PBXGroup;
			children = (
				07369DC51ED7406400DF29E3 /* GPController.app */,
				07369DD91ED7406500DF29E3 /* GPControllerTests.xctest */,
				07369DE41ED7406500DF29E3 /* GPControllerUITests.xctest */,
			);
			name = Products;
			sourceTree = "<group>";
		};
		07369DC71ED7406400DF29E3 /* GPController */ = {
			isa = PBXGroup;
			children = (
				073D62881ED77F1900D28EBA /* Animations */,
				075D07BD1EE0CF0E00592BBA /* Constants */,
				07369DFA1ED7540400DF29E3 /* Controllers */,
				07369DF81ED753CB00DF29E3 /* Designables */,
				073D628B1ED793C200D28EBA /* Models */,
				07369DF91ED753E800DF29E3 /* Supporting Files */,
				07369DCC1ED7406400DF29E3 /* Main.storyboard */,
				07369DD11ED7406400DF29E3 /* LaunchScreen.storyboard */,
				07369DCF1ED7406400DF29E3 /* Assets.xcassets */,
				07369DD41ED7406500DF29E3 /* Info.plist */,
				078506CD1F04609900297F4F /* GPCoreData.xcdatamodeld */,
			);
			path = GPController;
			sourceTree = "<group>";
		};
		07369DDC1ED7406500DF29E3 /* GPControllerTests */ = {
			isa = PBXGroup;
			children = (
				07369DDD1ED7406500DF29E3 /* GPControllerTests.swift */,
				07369DDF1ED7406500DF29E3 /* Info.plist */,
			);
			path = GPControllerTests;
			sourceTree = "<group>";
		};
		07369DE71ED7406500DF29E3 /* GPControllerUITests */ = {
			isa = PBXGroup;
			children = (
				07369DE81ED7406500DF29E3 /* GPControllerUITests.swift */,
				07369DEA1ED7406500DF29E3 /* Info.plist */,
			);
			path = GPControllerUITests;
			sourceTree = "<group>";
		};
		07369DF81ED753CB00DF29E3 /* Designables */ = {
			isa = PBXGroup;
			children = (
				07B01EC81F2B987400B15911 /* KDCircularProgress.swift */,
				0718C73D1F21664F00C4FB39 /* PickerView.swift */,
				07B962591F10328A008B7F9E /* GMStepper.swift */,
				0720B7201F143F2E00F9A4E0 /* GPTextField.swift */,
				07B962541F0FF18A008B7F9E /* GPPanoSelectionCell.swift */,
				07D811201F1E83240051C31A /* GPCamSelectionCell.swift */,
				0720B71E1F1429F500F9A4E0 /* CheckboxButton.swift */,
				07B962571F0FFA11008B7F9E /* FadingTableView.swift */,
				071B01E61ED7788300A117E7 /* RoundAxisButton.swift */,
				07B4579E1EE8A7E200ABF165 /* FlexiButton.swift */,
				079B9EF11F26BFF7003AF2B0 /* FlexiLabel.swift */,
				070F839A1F33F66100D97583 /* ScannedDeviceCell.swift */,
			);
			name = Designables;
			sourceTree = "<group>";
		};
		07369DF91ED753E800DF29E3 /* Supporting Files */ = {
			isa = PBXGroup;
			children = (
				07B01F651F2C00BF00B15911 /* Audio */,
				07B2F9351F2A9BB000EDC354 /* GPEnums.swift */,
				07369DC81ED7406400DF29E3 /* AppDelegate.swift */,
				079DDF391EE1C8910010CB9F /* NORData.swift */,
				07AD73211F16CBE200D909DA /* Utils.swift */,
				07B457A81EE8CD4300ABF165 /* CustomColors.swift */,
			);
			name = "Supporting Files";
			sourceTree = "<group>";
		};
		07369DFA1ED7540400DF29E3 /* Controllers */ = {
			isa = PBXGroup;
			children = (
				07D8111C1F1D97BA0051C31A /* SingleValueEditViewController.swift */,
				07369DCA1ED7406400DF29E3 /* CameraPanViewController.swift */,
				0754B1551F0EB14D0009A557 /* CameraSetupViewController.swift */,
				07840A041EE9EB43008A0973 /* GPNavigationController.swift */,
				0715BDA51EDF696200035E9D /* MainViewController.swift */,
				0755449E1F0D856A00A53FB6 /* PanoramaSetupViewController.swift */,
				07EDEF3D1EEF2054008A9D24 /* ScanDevicesViewController.swift */,
				07AD73231F16CCFE00D909DA /* PanoFormViewController.swift */,
				07D8111E1F1E6ED30051C31A /* CameraFormViewController.swift */,
				0718C73B1F212E6800C4FB39 /* ShootingConfigViewController.swift */,
				07AE3C841F2691D100A46FE0 /* SetReferenceViewController.swift */,
				07B01EC61F2B962100B15911 /* PanoSessionViewController.swift */,
			);
			name = Controllers;
			sourceTree = "<group>";
		};
		073D62881ED77F1900D28EBA /* Animations */ = {
			isa = PBXGroup;
			children = (
				073D62861ED77F1500D28EBA /* PulseLayer.swift */,
				0771831E1EF0924A008AF478 /* Extensions.swift */,
			);
			name = Animations;
			sourceTree = "<group>";
		};
		073D628B1ED793C200D28EBA /* Models */ = {
			isa = PBXGroup;
			children = (
				075D07BB1EE0CC8000592BBA /* GPBluetoothManager.swift */,
				07840A011EE9CCB7008A0973 /* GPDeviceScanner.swift */,
				0732BCE91F06EE8A006A91DF /* PanoManager.swift */,
				073E3F8D1F1AAF8500F3B208 /* PanoConfigEditor.swift */,
				07D811221F1E87570051C31A /* CameraConfigEditor.swift */,
				0792BF581F27C47E009197D1 /* PanoGrid.swift */,
			);
			name = Models;
			sourceTree = "<group>";
		};
		075D07BD1EE0CF0E00592BBA /* Constants */ = {
			isa = PBXGroup;
			children = (
				075D07BE1EE0CF2700592BBA /* ServiceIdentifiers.swift */,
				078506D01F04652C00297F4F /* CommandStrings.swift */,
				07A16B7D1F1944DE00CB5E9C /* ConfigurationConstants.swift */,
				0705CA751F1C700300BEF34B /* CoreDataKeys.swift */,
			);
			name = Constants;
			sourceTree = "<group>";
		};
		07B01F651F2C00BF00B15911 /* Audio */ = {
			isa = PBXGroup;
			children = (
				07B01F631F2C00BA00B15911 /* fox_fanfare.mp3 */,
			);
			name = Audio;
			sourceTree = "<group>";
		};
		4A55D4B9EAB1F8631B576C9D /* Pods */ = {
			isa = PBXGroup;
			children = (
				EDC53D76C3208F25E7C3BDA1 /* Pods-GPController.debug.xcconfig */,
				481D975AE6CCCFFF7C76E3CB /* Pods-GPController.release.xcconfig */,
				B7E053421855F5EE5C9D051E /* Pods-GPControllerTests.debug.xcconfig */,
				B00DC0498559FD3926887349 /* Pods-GPControllerTests.release.xcconfig */,
				4230C574549DF2A09B2964EF /* Pods-GPControllerUITests.debug.xcconfig */,
				1D2DD39D41C28B9BC5A486F2 /* Pods-GPControllerUITests.release.xcconfig */,
			);
			name = Pods;
			sourceTree = "<group>";
		};
		ABE058BA3F7156E409D1F446 /* Frameworks */ = {
			isa = PBXGroup;
			children = (
				07B01F661F2C01B800B15911 /* AVFoundation.framework */,
				078506CB1F04601800297F4F /* CoreData.framework */,
				998E02544BD13A6886145A48 /* Pods_GPController.framework */,
				72315DC1439A7A44ADB53F11 /* Pods_GPControllerTests.framework */,
				63F6417865844089B5334F3F /* Pods_GPControllerUITests.framework */,
			);
			name = Frameworks;
			sourceTree = "<group>";
		};
/* End PBXGroup section */

/* Begin PBXNativeTarget section */
		07369DC41ED7406400DF29E3 /* GPController */ = {
			isa = PBXNativeTarget;
			buildConfigurationList = 07369DED1ED7406500DF29E3 /* Build configuration list for PBXNativeTarget "GPController" */;
			buildPhases = (
				9CA39C468FA85A1DE9458723 /* [CP] Check Pods Manifest.lock */,
				07369DC11ED7406400DF29E3 /* Sources */,
				07369DC21ED7406400DF29E3 /* Frameworks */,
				07369DC31ED7406400DF29E3 /* Resources */,
				1E971CDBD18B7693C6330EAB /* [CP] Embed Pods Frameworks */,
				B6BB82E5B9069468388E666F /* [CP] Copy Pods Resources */,
				07B457A51EE8B0CC00ABF165 /* Embed Frameworks */,
			);
			buildRules = (
			);
			dependencies = (
			);
			name = GPController;
			productName = GPController;
			productReference = 07369DC51ED7406400DF29E3 /* GPController.app */;
			productType = "com.apple.product-type.application";
		};
		07369DD81ED7406500DF29E3 /* GPControllerTests */ = {
			isa = PBXNativeTarget;
			buildConfigurationList = 07369DF01ED7406500DF29E3 /* Build configuration list for PBXNativeTarget "GPControllerTests" */;
			buildPhases = (
				C11DE235F5EAB1D1E2D1A66E /* [CP] Check Pods Manifest.lock */,
				07369DD51ED7406500DF29E3 /* Sources */,
				07369DD61ED7406500DF29E3 /* Frameworks */,
				07369DD71ED7406500DF29E3 /* Resources */,
				2FDF24906E915E81A87082E1 /* [CP] Embed Pods Frameworks */,
				D6E4CD5295C0DB404C7F2155 /* [CP] Copy Pods Resources */,
			);
			buildRules = (
			);
			dependencies = (
				07369DDB1ED7406500DF29E3 /* PBXTargetDependency */,
			);
			name = GPControllerTests;
			productName = GPControllerTests;
			productReference = 07369DD91ED7406500DF29E3 /* GPControllerTests.xctest */;
			productType = "com.apple.product-type.bundle.unit-test";
		};
		07369DE31ED7406500DF29E3 /* GPControllerUITests */ = {
			isa = PBXNativeTarget;
			buildConfigurationList = 07369DF31ED7406500DF29E3 /* Build configuration list for PBXNativeTarget "GPControllerUITests" */;
			buildPhases = (
				F20828532D3A63DBF0EEE55B /* [CP] Check Pods Manifest.lock */,
				07369DE01ED7406500DF29E3 /* Sources */,
				07369DE11ED7406500DF29E3 /* Frameworks */,
				07369DE21ED7406500DF29E3 /* Resources */,
				DA9EDC7877489319CD1870CA /* [CP] Copy Pods Resources */,
			);
			buildRules = (
			);
			dependencies = (
				07369DE61ED7406500DF29E3 /* PBXTargetDependency */,
			);
			name = GPControllerUITests;
			productName = GPControllerUITests;
			productReference = 07369DE41ED7406500DF29E3 /* GPControllerUITests.xctest */;
			productType = "com.apple.product-type.bundle.ui-testing";
		};
/* End PBXNativeTarget section */

/* Begin PBXProject section */
		07369DBD1ED7406400DF29E3 /* Project object */ = {
			isa = PBXProject;
			attributes = {
				LastSwiftUpdateCheck = 0820;
				LastUpgradeCheck = 0820;
				ORGANIZATIONNAME = CyArk;
				TargetAttributes = {
					07369DC41ED7406400DF29E3 = {
						CreatedOnToolsVersion = 8.2.1;
						DevelopmentTeam = 65MU9YPD2J;
						LastSwiftMigration = 0820;
						ProvisioningStyle = Automatic;
					};
					07369DD81ED7406500DF29E3 = {
						CreatedOnToolsVersion = 8.2.1;
						DevelopmentTeam = 65MU9YPD2J;
						LastSwiftMigration = 0820;
						ProvisioningStyle = Automatic;
						TestTargetID = 07369DC41ED7406400DF29E3;
					};
					07369DE31ED7406500DF29E3 = {
						CreatedOnToolsVersion = 8.2.1;
						DevelopmentTeam = 65MU9YPD2J;
						LastSwiftMigration = 0820;
						ProvisioningStyle = Automatic;
						TestTargetID = 07369DC41ED7406400DF29E3;
					};
				};
			};
			buildConfigurationList = 07369DC01ED7406400DF29E3 /* Build configuration list for PBXProject "GPController" */;
			compatibilityVersion = "Xcode 3.2";
			developmentRegion = English;
			hasScannedForEncodings = 0;
			knownRegions = (
				en,
				Base,
			);
			mainGroup = 07369DBC1ED7406400DF29E3;
			productRefGroup = 07369DC61ED7406400DF29E3 /* Products */;
			projectDirPath = "";
			projectRoot = "";
			targets = (
				07369DC41ED7406400DF29E3 /* GPController */,
				07369DD81ED7406500DF29E3 /* GPControllerTests */,
				07369DE31ED7406500DF29E3 /* GPControllerUITests */,
			);
		};
/* End PBXProject section */

/* Begin PBXResourcesBuildPhase section */
		07369DC31ED7406400DF29E3 /* Resources */ = {
			isa = PBXResourcesBuildPhase;
			buildActionMask = 2147483647;
			files = (
				07B01F641F2C00BA00B15911 /* fox_fanfare.mp3 in Resources */,
				07369DD31ED7406400DF29E3 /* LaunchScreen.storyboard in Resources */,
				07369DD01ED7406400DF29E3 /* Assets.xcassets in Resources */,
				07369DCE1ED7406400DF29E3 /* Main.storyboard in Resources */,
			);
			runOnlyForDeploymentPostprocessing = 0;
		};
		07369DD71ED7406500DF29E3 /* Resources */ = {
			isa = PBXResourcesBuildPhase;
			buildActionMask = 2147483647;
			files = (
			);
			runOnlyForDeploymentPostprocessing = 0;
		};
		07369DE21ED7406500DF29E3 /* Resources */ = {
			isa = PBXResourcesBuildPhase;
			buildActionMask = 2147483647;
			files = (
			);
			runOnlyForDeploymentPostprocessing = 0;
		};
/* End PBXResourcesBuildPhase section */

/* Begin PBXShellScriptBuildPhase section */
		1E971CDBD18B7693C6330EAB /* [CP] Embed Pods Frameworks */ = {
			isa = PBXShellScriptBuildPhase;
			buildActionMask = 2147483647;
			files = (
			);
			inputPaths = (
			);
			name = "[CP] Embed Pods Frameworks";
			outputPaths = (
			);
			runOnlyForDeploymentPostprocessing = 0;
			shellPath = /bin/sh;
			shellScript = "\"${SRCROOT}/Pods/Target Support Files/Pods-GPController/Pods-GPController-frameworks.sh\"\n";
			showEnvVarsInLog = 0;
		};
		2FDF24906E915E81A87082E1 /* [CP] Embed Pods Frameworks */ = {
			isa = PBXShellScriptBuildPhase;
			buildActionMask = 2147483647;
			files = (
			);
			inputPaths = (
			);
			name = "[CP] Embed Pods Frameworks";
			outputPaths = (
			);
			runOnlyForDeploymentPostprocessing = 0;
			shellPath = /bin/sh;
			shellScript = "\"${SRCROOT}/Pods/Target Support Files/Pods-GPControllerTests/Pods-GPControllerTests-frameworks.sh\"\n";
			showEnvVarsInLog = 0;
		};
		9CA39C468FA85A1DE9458723 /* [CP] Check Pods Manifest.lock */ = {
			isa = PBXShellScriptBuildPhase;
			buildActionMask = 2147483647;
			files = (
			);
			inputPaths = (
			);
			name = "[CP] Check Pods Manifest.lock";
			outputPaths = (
			);
			runOnlyForDeploymentPostprocessing = 0;
			shellPath = /bin/sh;
			shellScript = "diff \"${PODS_ROOT}/../Podfile.lock\" \"${PODS_ROOT}/Manifest.lock\" > /dev/null\nif [[ $? != 0 ]] ; then\n    cat << EOM\nerror: The sandbox is not in sync with the Podfile.lock. Run 'pod install' or update your CocoaPods installation.\nEOM\n    exit 1\nfi\n";
			showEnvVarsInLog = 0;
		};
		B6BB82E5B9069468388E666F /* [CP] Copy Pods Resources */ = {
			isa = PBXShellScriptBuildPhase;
			buildActionMask = 2147483647;
			files = (
			);
			inputPaths = (
			);
			name = "[CP] Copy Pods Resources";
			outputPaths = (
			);
			runOnlyForDeploymentPostprocessing = 0;
			shellPath = /bin/sh;
			shellScript = "\"${SRCROOT}/Pods/Target Support Files/Pods-GPController/Pods-GPController-resources.sh\"\n";
			showEnvVarsInLog = 0;
		};
		C11DE235F5EAB1D1E2D1A66E /* [CP] Check Pods Manifest.lock */ = {
			isa = PBXShellScriptBuildPhase;
			buildActionMask = 2147483647;
			files = (
			);
			inputPaths = (
			);
			name = "[CP] Check Pods Manifest.lock";
			outputPaths = (
			);
			runOnlyForDeploymentPostprocessing = 0;
			shellPath = /bin/sh;
			shellScript = "diff \"${PODS_ROOT}/../Podfile.lock\" \"${PODS_ROOT}/Manifest.lock\" > /dev/null\nif [[ $? != 0 ]] ; then\n    cat << EOM\nerror: The sandbox is not in sync with the Podfile.lock. Run 'pod install' or update your CocoaPods installation.\nEOM\n    exit 1\nfi\n";
			showEnvVarsInLog = 0;
		};
		D6E4CD5295C0DB404C7F2155 /* [CP] Copy Pods Resources */ = {
			isa = PBXShellScriptBuildPhase;
			buildActionMask = 2147483647;
			files = (
			);
			inputPaths = (
			);
			name = "[CP] Copy Pods Resources";
			outputPaths = (
			);
			runOnlyForDeploymentPostprocessing = 0;
			shellPath = /bin/sh;
			shellScript = "\"${SRCROOT}/Pods/Target Support Files/Pods-GPControllerTests/Pods-GPControllerTests-resources.sh\"\n";
			showEnvVarsInLog = 0;
		};
		DA9EDC7877489319CD1870CA /* [CP] Copy Pods Resources */ = {
			isa = PBXShellScriptBuildPhase;
			buildActionMask = 2147483647;
			files = (
			);
			inputPaths = (
			);
			name = "[CP] Copy Pods Resources";
			outputPaths = (
			);
			runOnlyForDeploymentPostprocessing = 0;
			shellPath = /bin/sh;
			shellScript = "\"${SRCROOT}/Pods/Target Support Files/Pods-GPControllerUITests/Pods-GPControllerUITests-resources.sh\"\n";
			showEnvVarsInLog = 0;
		};
		F20828532D3A63DBF0EEE55B /* [CP] Check Pods Manifest.lock */ = {
			isa = PBXShellScriptBuildPhase;
			buildActionMask = 2147483647;
			files = (
			);
			inputPaths = (
			);
			name = "[CP] Check Pods Manifest.lock";
			outputPaths = (
			);
			runOnlyForDeploymentPostprocessing = 0;
			shellPath = /bin/sh;
			shellScript = "diff \"${PODS_ROOT}/../Podfile.lock\" \"${PODS_ROOT}/Manifest.lock\" > /dev/null\nif [[ $? != 0 ]] ; then\n    cat << EOM\nerror: The sandbox is not in sync with the Podfile.lock. Run 'pod install' or update your CocoaPods installation.\nEOM\n    exit 1\nfi\n";
			showEnvVarsInLog = 0;
		};
/* End PBXShellScriptBuildPhase section */

/* Begin PBXSourcesBuildPhase section */
		07369DC11ED7406400DF29E3 /* Sources */ = {
			isa = PBXSourcesBuildPhase;
			buildActionMask = 2147483647;
			files = (
				0715BDA61EDF696200035E9D /* MainViewController.swift in Sources */,
				07D811211F1E83240051C31A /* GPCamSelectionCell.swift in Sources */,
				07B962551F0FF18A008B7F9E /* GPPanoSelectionCell.swift in Sources */,
				0792BF591F27C47E009197D1 /* PanoGrid.swift in Sources */,
				07D8111F1F1E6ED30051C31A /* CameraFormViewController.swift in Sources */,
				07AD73221F16CBE200D909DA /* Utils.swift in Sources */,
				07AD73241F16CCFE00D909DA /* PanoFormViewController.swift in Sources */,
				07B962581F0FFA11008B7F9E /* FadingTableView.swift in Sources */,
				07EDEF3E1EEF2054008A9D24 /* ScanDevicesViewController.swift in Sources */,
				07840A021EE9CCB7008A0973 /* GPDeviceScanner.swift in Sources */,
				071B01E71ED7788300A117E7 /* RoundAxisButton.swift in Sources */,
				07AE3C851F2691D100A46FE0 /* SetReferenceViewController.swift in Sources */,
				07D8111D1F1D97BA0051C31A /* SingleValueEditViewController.swift in Sources */,
				078506CF1F04609900297F4F /* GPCoreData.xcdatamodeld in Sources */,
				079B9EF21F26BFF7003AF2B0 /* FlexiLabel.swift in Sources */,
				0732BCEA1F06EE8A006A91DF /* PanoManager.swift in Sources */,
				0705CA761F1C700300BEF34B /* CoreDataKeys.swift in Sources */,
				079DDF3A1EE1C8910010CB9F /* NORData.swift in Sources */,
				0720B71F1F1429F500F9A4E0 /* CheckboxButton.swift in Sources */,
				07B2F9361F2A9BB000EDC354 /* GPEnums.swift in Sources */,
				0718C73C1F212E6900C4FB39 /* ShootingConfigViewController.swift in Sources */,
				07B01EC91F2B987400B15911 /* KDCircularProgress.swift in Sources */,
				073E3F8E1F1AAF8500F3B208 /* PanoConfigEditor.swift in Sources */,
				0720B7211F143F2E00F9A4E0 /* GPTextField.swift in Sources */,
				07B9625A1F10328A008B7F9E /* GMStepper.swift in Sources */,
				0718C73E1F21664F00C4FB39 /* PickerView.swift in Sources */,
				075D07BF1EE0CF2700592BBA /* ServiceIdentifiers.swift in Sources */,
				0754B1561F0EB14D0009A557 /* CameraSetupViewController.swift in Sources */,
				07B01EC71F2B962100B15911 /* PanoSessionViewController.swift in Sources */,
				075D07BC1EE0CC8000592BBA /* GPBluetoothManager.swift in Sources */,
				07B4579F1EE8A7E200ABF165 /* FlexiButton.swift in Sources */,
				07840A051EE9EB43008A0973 /* GPNavigationController.swift in Sources */,
				07A16B7E1F1944DE00CB5E9C /* ConfigurationConstants.swift in Sources */,
				078506D11F04652C00297F4F /* CommandStrings.swift in Sources */,
				0755449F1F0D856A00A53FB6 /* PanoramaSetupViewController.swift in Sources */,
				07D811231F1E87570051C31A /* CameraConfigEditor.swift in Sources */,
				07369DCB1ED7406400DF29E3 /* CameraPanViewController.swift in Sources */,
				0771831F1EF0924A008AF478 /* Extensions.swift in Sources */,
				070F839B1F33F66100D97583 /* ScannedDeviceCell.swift in Sources */,
				07369DC91ED7406400DF29E3 /* AppDelegate.swift in Sources */,
				07B457A91EE8CD4300ABF165 /* CustomColors.swift in Sources */,
				073D62871ED77F1500D28EBA /* PulseLayer.swift in Sources */,
			);
			runOnlyForDeploymentPostprocessing = 0;
		};
		07369DD51ED7406500DF29E3 /* Sources */ = {
			isa = PBXSourcesBuildPhase;
			buildActionMask = 2147483647;
			files = (
				07369DDE1ED7406500DF29E3 /* GPControllerTests.swift in Sources */,
			);
			runOnlyForDeploymentPostprocessing = 0;
		};
		07369DE01ED7406500DF29E3 /* Sources */ = {
			isa = PBXSourcesBuildPhase;
			buildActionMask = 2147483647;
			files = (
				07369DE91ED7406500DF29E3 /* GPControllerUITests.swift in Sources */,
			);
			runOnlyForDeploymentPostprocessing = 0;
		};
/* End PBXSourcesBuildPhase section */

/* Begin PBXTargetDependency section */
		07369DDB1ED7406500DF29E3 /* PBXTargetDependency */ = {
			isa = PBXTargetDependency;
			target = 07369DC41ED7406400DF29E3 /* GPController */;
			targetProxy = 07369DDA1ED7406500DF29E3 /* PBXContainerItemProxy */;
		};
		07369DE61ED7406500DF29E3 /* PBXTargetDependency */ = {
			isa = PBXTargetDependency;
			target = 07369DC41ED7406400DF29E3 /* GPController */;
			targetProxy = 07369DE51ED7406500DF29E3 /* PBXContainerItemProxy */;
		};
/* End PBXTargetDependency section */

/* Begin PBXVariantGroup section */
		07369DCC1ED7406400DF29E3 /* Main.storyboard */ = {
			isa = PBXVariantGroup;
			children = (
				07369DCD1ED7406400DF29E3 /* Base */,
			);
			name = Main.storyboard;
			sourceTree = "<group>";
		};
		07369DD11ED7406400DF29E3 /* LaunchScreen.storyboard */ = {
			isa = PBXVariantGroup;
			children = (
				07369DD21ED7406400DF29E3 /* Base */,
			);
			name = LaunchScreen.storyboard;
			sourceTree = "<group>";
		};
/* End PBXVariantGroup section */

/* Begin XCBuildConfiguration section */
		07369DEB1ED7406500DF29E3 /* Debug */ = {
			isa = XCBuildConfiguration;
			buildSettings = {
				ALWAYS_SEARCH_USER_PATHS = NO;
				CLANG_ANALYZER_NONNULL = YES;
				CLANG_CXX_LANGUAGE_STANDARD = "gnu++0x";
				CLANG_CXX_LIBRARY = "libc++";
				CLANG_ENABLE_MODULES = YES;
				CLANG_ENABLE_OBJC_ARC = YES;
				CLANG_WARN_BOOL_CONVERSION = YES;
				CLANG_WARN_CONSTANT_CONVERSION = YES;
				CLANG_WARN_DIRECT_OBJC_ISA_USAGE = YES_ERROR;
				CLANG_WARN_DOCUMENTATION_COMMENTS = YES;
				CLANG_WARN_EMPTY_BODY = YES;
				CLANG_WARN_ENUM_CONVERSION = YES;
				CLANG_WARN_INFINITE_RECURSION = YES;
				CLANG_WARN_INT_CONVERSION = YES;
				CLANG_WARN_OBJC_ROOT_CLASS = YES_ERROR;
				CLANG_WARN_SUSPICIOUS_MOVE = YES;
				CLANG_WARN_UNREACHABLE_CODE = YES;
				CLANG_WARN__DUPLICATE_METHOD_MATCH = YES;
				"CODE_SIGN_IDENTITY[sdk=iphoneos*]" = "iPhone Developer";
				COPY_PHASE_STRIP = NO;
				DEBUG_INFORMATION_FORMAT = dwarf;
				ENABLE_STRICT_OBJC_MSGSEND = YES;
				ENABLE_TESTABILITY = YES;
				GCC_C_LANGUAGE_STANDARD = gnu99;
				GCC_DYNAMIC_NO_PIC = NO;
				GCC_NO_COMMON_BLOCKS = YES;
				GCC_OPTIMIZATION_LEVEL = 0;
				GCC_PREPROCESSOR_DEFINITIONS = (
					"DEBUG=1",
					"$(inherited)",
				);
				GCC_WARN_64_TO_32_BIT_CONVERSION = YES;
				GCC_WARN_ABOUT_RETURN_TYPE = YES_ERROR;
				GCC_WARN_UNDECLARED_SELECTOR = YES;
				GCC_WARN_UNINITIALIZED_AUTOS = YES_AGGRESSIVE;
				GCC_WARN_UNUSED_FUNCTION = YES;
				GCC_WARN_UNUSED_VARIABLE = YES;
				IPHONEOS_DEPLOYMENT_TARGET = 10.2;
				MTL_ENABLE_DEBUG_INFO = YES;
				ONLY_ACTIVE_ARCH = YES;
				SDKROOT = iphoneos;
				SWIFT_ACTIVE_COMPILATION_CONDITIONS = DEBUG;
				SWIFT_OPTIMIZATION_LEVEL = "-Onone";
			};
			name = Debug;
		};
		07369DEC1ED7406500DF29E3 /* Release */ = {
			isa = XCBuildConfiguration;
			buildSettings = {
				ALWAYS_SEARCH_USER_PATHS = NO;
				CLANG_ANALYZER_NONNULL = YES;
				CLANG_CXX_LANGUAGE_STANDARD = "gnu++0x";
				CLANG_CXX_LIBRARY = "libc++";
				CLANG_ENABLE_MODULES = YES;
				CLANG_ENABLE_OBJC_ARC = YES;
				CLANG_WARN_BOOL_CONVERSION = YES;
				CLANG_WARN_CONSTANT_CONVERSION = YES;
				CLANG_WARN_DIRECT_OBJC_ISA_USAGE = YES_ERROR;
				CLANG_WARN_DOCUMENTATION_COMMENTS = YES;
				CLANG_WARN_EMPTY_BODY = YES;
				CLANG_WARN_ENUM_CONVERSION = YES;
				CLANG_WARN_INFINITE_RECURSION = YES;
				CLANG_WARN_INT_CONVERSION = YES;
				CLANG_WARN_OBJC_ROOT_CLASS = YES_ERROR;
				CLANG_WARN_SUSPICIOUS_MOVE = YES;
				CLANG_WARN_UNREACHABLE_CODE = YES;
				CLANG_WARN__DUPLICATE_METHOD_MATCH = YES;
				"CODE_SIGN_IDENTITY[sdk=iphoneos*]" = "iPhone Developer";
				COPY_PHASE_STRIP = NO;
				DEBUG_INFORMATION_FORMAT = "dwarf-with-dsym";
				ENABLE_NS_ASSERTIONS = NO;
				ENABLE_STRICT_OBJC_MSGSEND = YES;
				GCC_C_LANGUAGE_STANDARD = gnu99;
				GCC_NO_COMMON_BLOCKS = YES;
				GCC_WARN_64_TO_32_BIT_CONVERSION = YES;
				GCC_WARN_ABOUT_RETURN_TYPE = YES_ERROR;
				GCC_WARN_UNDECLARED_SELECTOR = YES;
				GCC_WARN_UNINITIALIZED_AUTOS = YES_AGGRESSIVE;
				GCC_WARN_UNUSED_FUNCTION = YES;
				GCC_WARN_UNUSED_VARIABLE = YES;
				IPHONEOS_DEPLOYMENT_TARGET = 10.2;
				MTL_ENABLE_DEBUG_INFO = NO;
				SDKROOT = iphoneos;
				SWIFT_OPTIMIZATION_LEVEL = "-Owholemodule";
				VALIDATE_PRODUCT = YES;
			};
			name = Release;
		};
		07369DEE1ED7406500DF29E3 /* Debug */ = {
			isa = XCBuildConfiguration;
			baseConfigurationReference = EDC53D76C3208F25E7C3BDA1 /* Pods-GPController.debug.xcconfig */;
			buildSettings = {
				ALWAYS_EMBED_SWIFT_STANDARD_LIBRARIES = YES;
				ASSETCATALOG_COMPILER_APPICON_NAME = AppIcon;
				DEVELOPMENT_TEAM = 65MU9YPD2J;
				INFOPLIST_FILE = GPController/Info.plist;
				LD_RUNPATH_SEARCH_PATHS = "$(inherited) @executable_path/Frameworks";
				PRODUCT_BUNDLE_IDENTIFIER = CyArk.GPController;
				PRODUCT_NAME = "$(TARGET_NAME)";
				SWIFT_VERSION = 3.0;
				TARGETED_DEVICE_FAMILY = 1;
			};
			name = Debug;
		};
		07369DEF1ED7406500DF29E3 /* Release */ = {
			isa = XCBuildConfiguration;
			baseConfigurationReference = 481D975AE6CCCFFF7C76E3CB /* Pods-GPController.release.xcconfig */;
			buildSettings = {
				ALWAYS_EMBED_SWIFT_STANDARD_LIBRARIES = YES;
				ASSETCATALOG_COMPILER_APPICON_NAME = AppIcon;
				DEVELOPMENT_TEAM = 65MU9YPD2J;
				INFOPLIST_FILE = GPController/Info.plist;
				LD_RUNPATH_SEARCH_PATHS = "$(inherited) @executable_path/Frameworks";
				PRODUCT_BUNDLE_IDENTIFIER = CyArk.GPController;
				PRODUCT_NAME = "$(TARGET_NAME)";
				SWIFT_VERSION = 3.0;
				TARGETED_DEVICE_FAMILY = 1;
			};
			name = Release;
		};
		07369DF11ED7406500DF29E3 /* Debug */ = {
			isa = XCBuildConfiguration;
			baseConfigurationReference = B7E053421855F5EE5C9D051E /* Pods-GPControllerTests.debug.xcconfig */;
			buildSettings = {
				ALWAYS_EMBED_SWIFT_STANDARD_LIBRARIES = YES;
				BUNDLE_LOADER = "$(TEST_HOST)";
				DEVELOPMENT_TEAM = 65MU9YPD2J;
				INFOPLIST_FILE = GPControllerTests/Info.plist;
				LD_RUNPATH_SEARCH_PATHS = "$(inherited) @executable_path/Frameworks @loader_path/Frameworks";
				PRODUCT_BUNDLE_IDENTIFIER = CyArk.GPControllerTests;
				PRODUCT_NAME = "$(TARGET_NAME)";
				SWIFT_VERSION = 3.0;
				TEST_HOST = "$(BUILT_PRODUCTS_DIR)/GPController.app/GPController";
			};
			name = Debug;
		};
		07369DF21ED7406500DF29E3 /* Release */ = {
			isa = XCBuildConfiguration;
			baseConfigurationReference = B00DC0498559FD3926887349 /* Pods-GPControllerTests.release.xcconfig */;
			buildSettings = {
				ALWAYS_EMBED_SWIFT_STANDARD_LIBRARIES = YES;
				BUNDLE_LOADER = "$(TEST_HOST)";
				DEVELOPMENT_TEAM = 65MU9YPD2J;
				INFOPLIST_FILE = GPControllerTests/Info.plist;
				LD_RUNPATH_SEARCH_PATHS = "$(inherited) @executable_path/Frameworks @loader_path/Frameworks";
				PRODUCT_BUNDLE_IDENTIFIER = CyArk.GPControllerTests;
				PRODUCT_NAME = "$(TARGET_NAME)";
				SWIFT_VERSION = 3.0;
				TEST_HOST = "$(BUILT_PRODUCTS_DIR)/GPController.app/GPController";
			};
			name = Release;
		};
		07369DF41ED7406500DF29E3 /* Debug */ = {
			isa = XCBuildConfiguration;
			baseConfigurationReference = 4230C574549DF2A09B2964EF /* Pods-GPControllerUITests.debug.xcconfig */;
			buildSettings = {
				ALWAYS_EMBED_SWIFT_STANDARD_LIBRARIES = YES;
				DEVELOPMENT_TEAM = 65MU9YPD2J;
				INFOPLIST_FILE = GPControllerUITests/Info.plist;
				LD_RUNPATH_SEARCH_PATHS = "$(inherited) @executable_path/Frameworks @loader_path/Frameworks";
				PRODUCT_BUNDLE_IDENTIFIER = CyArk.GPControllerUITests;
				PRODUCT_NAME = "$(TARGET_NAME)";
				SWIFT_VERSION = 3.0;
				TEST_TARGET_NAME = GPController;
			};
			name = Debug;
		};
		07369DF51ED7406500DF29E3 /* Release */ = {
			isa = XCBuildConfiguration;
			baseConfigurationReference = 1D2DD39D41C28B9BC5A486F2 /* Pods-GPControllerUITests.release.xcconfig */;
			buildSettings = {
				ALWAYS_EMBED_SWIFT_STANDARD_LIBRARIES = YES;
				DEVELOPMENT_TEAM = 65MU9YPD2J;
				INFOPLIST_FILE = GPControllerUITests/Info.plist;
				LD_RUNPATH_SEARCH_PATHS = "$(inherited) @executable_path/Frameworks @loader_path/Frameworks";
				PRODUCT_BUNDLE_IDENTIFIER = CyArk.GPControllerUITests;
				PRODUCT_NAME = "$(TARGET_NAME)";
				SWIFT_VERSION = 3.0;
				TEST_TARGET_NAME = GPController;
			};
			name = Release;
		};
/* End XCBuildConfiguration section */

/* Begin XCConfigurationList section */
		07369DC01ED7406400DF29E3 /* Build configuration list for PBXProject "GPController" */ = {
			isa = XCConfigurationList;
			buildConfigurations = (
				07369DEB1ED7406500DF29E3 /* Debug */,
				07369DEC1ED7406500DF29E3 /* Release */,
			);
			defaultConfigurationIsVisible = 0;
			defaultConfigurationName = Release;
		};
		07369DED1ED7406500DF29E3 /* Build configuration list for PBXNativeTarget "GPController" */ = {
			isa = XCConfigurationList;
			buildConfigurations = (
				07369DEE1ED7406500DF29E3 /* Debug */,
				07369DEF1ED7406500DF29E3 /* Release */,
			);
			defaultConfigurationIsVisible = 0;
			defaultConfigurationName = Release;
		};
		07369DF01ED7406500DF29E3 /* Build configuration list for PBXNativeTarget "GPControllerTests" */ = {
			isa = XCConfigurationList;
			buildConfigurations = (
				07369DF11ED7406500DF29E3 /* Debug */,
				07369DF21ED7406500DF29E3 /* Release */,
			);
			defaultConfigurationIsVisible = 0;
			defaultConfigurationName = Release;
		};
		07369DF31ED7406500DF29E3 /* Build configuration list for PBXNativeTarget "GPControllerUITests" */ = {
			isa = XCConfigurationList;
			buildConfigurations = (
				07369DF41ED7406500DF29E3 /* Debug */,
				07369DF51ED7406500DF29E3 /* Release */,
			);
			defaultConfigurationIsVisible = 0;
			defaultConfigurationName = Release;
		};
/* End XCConfigurationList section */

/* Begin XCVersionGroup section */
		078506CD1F04609900297F4F /* GPCoreData.xcdatamodeld */ = {
			isa = XCVersionGroup;
			children = (
				078506CE1F04609900297F4F /* GPCoreData.xcdatamodel */,
			);
			currentVersion = 078506CE1F04609900297F4F /* GPCoreData.xcdatamodel */;
			name = GPCoreData.xcdatamodeld;
			path = ../GPCoreData.xcdatamodeld;
			sourceTree = "<group>";
			versionGroupType = wrapper.xcdatamodel;
		};
/* End XCVersionGroup section */
	};
	rootObject = 07369DBD1ED7406400DF29E3 /* Project object */;
}
